
Microsoft Visual Studio Solution File, Format Version 12.00
# Visual Studio Version 17
VisualStudioVersion = 17.2.32630.192
MinimumVisualStudioVersion = 10.0.40219.1
Project("{2150E333-8FDC-42A3-9474-1A3956D46DE8}") = "Services", "Services", "{90E18CAA-DB54-4A01-B185-CE898E804366}"
EndProject
Project("{FAE04EC0-301F-11D3-BF4B-00C04F79EFBC}") = "CleanArchitecture.API", "Services\CleanArchitecture.API\CleanArchitecture.API.csproj", "{A57098D1-3ECB-45E2-B3D4-CC4C6D2854CC}"
EndProject
Project("{FAE04EC0-301F-11D3-BF4B-00C04F79EFBC}") = "CleanArchitecture.Application", "Services\CleanArchitecture.Application\CleanArchitecture.Application.csproj", "{B5A8ACCA-90D7-4468-963D-B26DCA92FE33}"
EndProject
Project("{FAE04EC0-301F-11D3-BF4B-00C04F79EFBC}") = "CleanArchitecture.Infrastructure", "Services\CleanArchitecture.Infrastructure\CleanArchitecture.Infrastructure.csproj", "{6D6FFC45-6E0E-4AE3-9846-4224CA35DD95}"
EndProject
Project("{FAE04EC0-301F-11D3-BF4B-00C04F79EFBC}") = "CleanArchitecture.Domain", "Services\CleanArchitecture.Domain\CleanArchitecture.Domain.csproj", "{35880A18-A46D-4B6E-8038-423230F3C497}"
EndProject
Project("{FAE04EC0-301F-11D3-BF4B-00C04F79EFBC}") = "CleanArchitecture.Common", "Services\CleanArchitecture.Common\CleanArchitecture.Common.csproj", "{8DA9E5B3-5810-4D16-AAD6-7177E0B44C83}"
EndProject
Global
	GlobalSection(SolutionConfigurationPlatforms) = preSolution
		Debug|Any CPU = Debug|Any CPU
		Release|Any CPU = Release|Any CPU
	EndGlobalSection
	GlobalSection(ProjectConfigurationPlatforms) = postSolution
		{A57098D1-3ECB-45E2-B3D4-CC4C6D2854CC}.Debug|Any CPU.ActiveCfg = Debug|Any CPU
		{A57098D1-3ECB-45E2-B3D4-CC4C6D2854CC}.Debug|Any CPU.Build.0 = Debug|Any CPU
		{A57098D1-3ECB-45E2-B3D4-CC4C6D2854CC}.Release|Any CPU.ActiveCfg = Release|Any CPU
		{A57098D1-3ECB-45E2-B3D4-CC4C6D2854CC}.Release|Any CPU.Build.0 = Release|Any CPU
		{B5A8ACCA-90D7-4468-963D-B26DCA92FE33}.Debug|Any CPU.ActiveCfg = Debug|Any CPU
		{B5A8ACCA-90D7-4468-963D-B26DCA92FE33}.Debug|Any CPU.Build.0 = Debug|Any CPU
		{B5A8ACCA-90D7-4468-963D-B26DCA92FE33}.Release|Any CPU.ActiveCfg = Release|Any CPU
		{B5A8ACCA-90D7-4468-963D-B26DCA92FE33}.Release|Any CPU.Build.0 = Release|Any CPU
		{6D6FFC45-6E0E-4AE3-9846-4224CA35DD95}.Debug|Any CPU.ActiveCfg = Debug|Any CPU
		{6D6FFC45-6E0E-4AE3-9846-4224CA35DD95}.Debug|Any CPU.Build.0 = Debug|Any CPU
		{6D6FFC45-6E0E-4AE3-9846-4224CA35DD95}.Release|Any CPU.ActiveCfg = Release|Any CPU
		{6D6FFC45-6E0E-4AE3-9846-4224CA35DD95}.Release|Any CPU.Build.0 = Release|Any CPU
		{35880A18-A46D-4B6E-8038-423230F3C497}.Debug|Any CPU.ActiveCfg = Debug|Any CPU
		{35880A18-A46D-4B6E-8038-423230F3C497}.Debug|Any CPU.Build.0 = Debug|Any CPU
		{35880A18-A46D-4B6E-8038-423230F3C497}.Release|Any CPU.ActiveCfg = Release|Any CPU
		{35880A18-A46D-4B6E-8038-423230F3C497}.Release|Any CPU.Build.0 = Release|Any CPU
		{8DA9E5B3-5810-4D16-AAD6-7177E0B44C83}.Debug|Any CPU.ActiveCfg = Debug|Any CPU
		{8DA9E5B3-5810-4D16-AAD6-7177E0B44C83}.Debug|Any CPU.Build.0 = Debug|Any CPU
		{8DA9E5B3-5810-4D16-AAD6-7177E0B44C83}.Release|Any CPU.ActiveCfg = Release|Any CPU
		{8DA9E5B3-5810-4D16-AAD6-7177E0B44C83}.Release|Any CPU.Build.0 = Release|Any CPU
	EndGlobalSection
	GlobalSection(SolutionProperties) = preSolution
		HideSolutionNode = FALSE
	EndGlobalSection
	GlobalSection(NestedProjects) = preSolution
		{A57098D1-3ECB-45E2-B3D4-CC4C6D2854CC} = {90E18CAA-DB54-4A01-B185-CE898E804366}
		{B5A8ACCA-90D7-4468-963D-B26DCA92FE33} = {90E18CAA-DB54-4A01-B185-CE898E804366}
		{6D6FFC45-6E0E-4AE3-9846-4224CA35DD95} = {90E18CAA-DB54-4A01-B185-CE898E804366}
		{35880A18-A46D-4B6E-8038-423230F3C497} = {90E18CAA-DB54-4A01-B185-CE898E804366}
		{8DA9E5B3-5810-4D16-AAD6-7177E0B44C83} = {90E18CAA-DB54-4A01-B185-CE898E804366}
	EndGlobalSection
	GlobalSection(ExtensibilityGlobals) = postSolution
		SolutionGuid = {B3CA5587-C10B-440C-AE45-302C44858F62}
	EndGlobalSection
EndGlobal
